
Microsoft Visual Studio Solution File, Format Version 12.00
# Visual Studio Version 17
VisualStudioVersion = 17.6.33829.357
MinimumVisualStudioVersion = 10.0.40219.1
Project("{2150E333-8FDC-42A3-9474-1A3956D46DE8}") = "Core", "Core", "{7A1856C4-A293-4E4D-86CB-45CD21911C1B}"
EndProject
Project("{2150E333-8FDC-42A3-9474-1A3956D46DE8}") = "Infrastructure", "Infrastructure", "{2DF35E2D-B01A-4DCD-B534-3720299CEA32}"
EndProject
Project("{9A19103F-16F7-4668-BE54-9A1E7A4F7556}") = "Domain", "Domain\Domain.csproj", "{FDED6E74-8CF5-44D8-AFEA-3EE490A11A4D}"
EndProject
Project("{9A19103F-16F7-4668-BE54-9A1E7A4F7556}") = "Application", "Application\Application.csproj", "{F3120298-A585-4697-A567-FD73941BAE6F}"
EndProject
Project("{9A19103F-16F7-4668-BE54-9A1E7A4F7556}") = "Infrastructure", "Infrastructure\Infrastructure.csproj", "{FEB7C68B-5890-44A5-807C-228DC3902923}"
	ProjectSection(ProjectDependencies) = postProject
		{F3120298-A585-4697-A567-FD73941BAE6F} = {F3120298-A585-4697-A567-FD73941BAE6F}
	EndProjectSection
EndProject
Project("{9A19103F-16F7-4668-BE54-9A1E7A4F7556}") = "Persistence", "Persistence\Persistence.csproj", "{09B31165-724E-43B4-9903-8F4579A1A0C5}"
	ProjectSection(ProjectDependencies) = postProject
		{F3120298-A585-4697-A567-FD73941BAE6F} = {F3120298-A585-4697-A567-FD73941BAE6F}
	EndProjectSection
EndProject
Project("{2150E333-8FDC-42A3-9474-1A3956D46DE8}") = "Presentation", "Presentation", "{DAFE1226-72B2-42AE-A437-45AE146F943A}"
EndProject
Project("{9A19103F-16F7-4668-BE54-9A1E7A4F7556}") = "API", "API\API.csproj", "{34109C1E-C8D7-4192-A240-0B28EC88167C}"
	ProjectSection(ProjectDependencies) = postProject
		{09B31165-724E-43B4-9903-8F4579A1A0C5} = {09B31165-724E-43B4-9903-8F4579A1A0C5}
		{F3120298-A585-4697-A567-FD73941BAE6F} = {F3120298-A585-4697-A567-FD73941BAE6F}
		{FEB7C68B-5890-44A5-807C-228DC3902923} = {FEB7C68B-5890-44A5-807C-228DC3902923}
	EndProjectSection
EndProject
Project("{9A19103F-16F7-4668-BE54-9A1E7A4F7556}") = "CarSalesPlatformMVC", "CarSalesPlatformMVC\CarSalesPlatformMVC.csproj", "{48F7ACCF-A5CF-4F39-87C8-8F95A460070E}"
	ProjectSection(ProjectDependencies) = postProject
		{09B31165-724E-43B4-9903-8F4579A1A0C5} = {09B31165-724E-43B4-9903-8F4579A1A0C5}
		{F3120298-A585-4697-A567-FD73941BAE6F} = {F3120298-A585-4697-A567-FD73941BAE6F}
		{FEB7C68B-5890-44A5-807C-228DC3902923} = {FEB7C68B-5890-44A5-807C-228DC3902923}
	EndProjectSection
EndProject
Global
	GlobalSection(SolutionConfigurationPlatforms) = preSolution
		Debug|Any CPU = Debug|Any CPU
		Release|Any CPU = Release|Any CPU
	EndGlobalSection
	GlobalSection(ProjectConfigurationPlatforms) = postSolution
		{FDED6E74-8CF5-44D8-AFEA-3EE490A11A4D}.Debug|Any CPU.ActiveCfg = Debug|Any CPU
		{FDED6E74-8CF5-44D8-AFEA-3EE490A11A4D}.Debug|Any CPU.Build.0 = Debug|Any CPU
		{FDED6E74-8CF5-44D8-AFEA-3EE490A11A4D}.Release|Any CPU.ActiveCfg = Release|Any CPU
		{FDED6E74-8CF5-44D8-AFEA-3EE490A11A4D}.Release|Any CPU.Build.0 = Release|Any CPU
		{F3120298-A585-4697-A567-FD73941BAE6F}.Debug|Any CPU.ActiveCfg = Debug|Any CPU
		{F3120298-A585-4697-A567-FD73941BAE6F}.Debug|Any CPU.Build.0 = Debug|Any CPU
		{F3120298-A585-4697-A567-FD73941BAE6F}.Release|Any CPU.ActiveCfg = Release|Any CPU
		{F3120298-A585-4697-A567-FD73941BAE6F}.Release|Any CPU.Build.0 = Release|Any CPU
		{FEB7C68B-5890-44A5-807C-228DC3902923}.Debug|Any CPU.ActiveCfg = Debug|Any CPU
		{FEB7C68B-5890-44A5-807C-228DC3902923}.Debug|Any CPU.Build.0 = Debug|Any CPU
		{FEB7C68B-5890-44A5-807C-228DC3902923}.Release|Any CPU.ActiveCfg = Release|Any CPU
		{FEB7C68B-5890-44A5-807C-228DC3902923}.Release|Any CPU.Build.0 = Release|Any CPU
		{09B31165-724E-43B4-9903-8F4579A1A0C5}.Debug|Any CPU.ActiveCfg = Debug|Any CPU
		{09B31165-724E-43B4-9903-8F4579A1A0C5}.Debug|Any CPU.Build.0 = Debug|Any CPU
		{09B31165-724E-43B4-9903-8F4579A1A0C5}.Release|Any CPU.ActiveCfg = Release|Any CPU
		{09B31165-724E-43B4-9903-8F4579A1A0C5}.Release|Any CPU.Build.0 = Release|Any CPU
		{34109C1E-C8D7-4192-A240-0B28EC88167C}.Debug|Any CPU.ActiveCfg = Debug|Any CPU
		{34109C1E-C8D7-4192-A240-0B28EC88167C}.Debug|Any CPU.Build.0 = Debug|Any CPU
		{34109C1E-C8D7-4192-A240-0B28EC88167C}.Release|Any CPU.ActiveCfg = Release|Any CPU
		{34109C1E-C8D7-4192-A240-0B28EC88167C}.Release|Any CPU.Build.0 = Release|Any CPU
		{48F7ACCF-A5CF-4F39-87C8-8F95A460070E}.Debug|Any CPU.ActiveCfg = Debug|Any CPU
		{48F7ACCF-A5CF-4F39-87C8-8F95A460070E}.Debug|Any CPU.Build.0 = Debug|Any CPU
		{48F7ACCF-A5CF-4F39-87C8-8F95A460070E}.Release|Any CPU.ActiveCfg = Release|Any CPU
		{48F7ACCF-A5CF-4F39-87C8-8F95A460070E}.Release|Any CPU.Build.0 = Release|Any CPU
	EndGlobalSection
	GlobalSection(SolutionProperties) = preSolution
		HideSolutionNode = FALSE
	EndGlobalSection
	GlobalSection(NestedProjects) = preSolution
		{FDED6E74-8CF5-44D8-AFEA-3EE490A11A4D} = {7A1856C4-A293-4E4D-86CB-45CD21911C1B}
		{F3120298-A585-4697-A567-FD73941BAE6F} = {7A1856C4-A293-4E4D-86CB-45CD21911C1B}
		{FEB7C68B-5890-44A5-807C-228DC3902923} = {2DF35E2D-B01A-4DCD-B534-3720299CEA32}
		{09B31165-724E-43B4-9903-8F4579A1A0C5} = {2DF35E2D-B01A-4DCD-B534-3720299CEA32}
		{34109C1E-C8D7-4192-A240-0B28EC88167C} = {DAFE1226-72B2-42AE-A437-45AE146F943A}
		{48F7ACCF-A5CF-4F39-87C8-8F95A460070E} = {DAFE1226-72B2-42AE-A437-45AE146F943A}
	EndGlobalSection
	GlobalSection(ExtensibilityGlobals) = postSolution
		SolutionGuid = {6F8087D3-4963-4FA9-A832-E4E9F6B4467F}
	EndGlobalSection
EndGlobal
